
Microsoft Visual Studio Solution File, Format Version 12.00
# Visual Studio Version 17
VisualStudioVersion = 17.2.32616.157
MinimumVisualStudioVersion = 10.0.40219.1
Project("{FAE04EC0-301F-11D3-BF4B-00C04F79EFBC}") = "Revisão.Aulas", "SRC\Revisão.Aulas\Revisão.Aulas.csproj", "{B2D7E2CB-3013-4E1C-B80F-31AC0B5E6A15}"
EndProject
Global
	GlobalSection(SolutionConfigurationPlatforms) = preSolution
		Debug|Any CPU = Debug|Any CPU
		Release|Any CPU = Release|Any CPU
	EndGlobalSection
	GlobalSection(ProjectConfigurationPlatforms) = postSolution
		{B2D7E2CB-3013-4E1C-B80F-31AC0B5E6A15}.Debug|Any CPU.ActiveCfg = Debug|Any CPU
		{B2D7E2CB-3013-4E1C-B80F-31AC0B5E6A15}.Debug|Any CPU.Build.0 = Debug|Any CPU
		{B2D7E2CB-3013-4E1C-B80F-31AC0B5E6A15}.Release|Any CPU.ActiveCfg = Release|Any CPU
		{B2D7E2CB-3013-4E1C-B80F-31AC0B5E6A15}.Release|Any CPU.Build.0 = Release|Any CPU
	EndGlobalSection
	GlobalSection(SolutionProperties) = preSolution
		HideSolutionNode = FALSE
	EndGlobalSection
	GlobalSection(ExtensibilityGlobals) = postSolution
		SolutionGuid = {A7357ACB-C421-4D41-AE04-277709FC2189}
	EndGlobalSection
EndGlobal
